
Microsoft Visual Studio Solution File, Format Version 12.00
# Visual Studio Version 16
VisualStudioVersion = 16.0.30413.136
MinimumVisualStudioVersion = 10.0.40219.1
Project("{FAE04EC0-301F-11D3-BF4B-00C04F79EFBC}") = "Prova2.2", "Prova2.2\Prova2.2.csproj", "{13F45F94-D20C-4C06-81AF-7D208BEA1A2D}"
EndProject
Global
	GlobalSection(SolutionConfigurationPlatforms) = preSolution
		Debug|Any CPU = Debug|Any CPU
		Release|Any CPU = Release|Any CPU
	EndGlobalSection
	GlobalSection(ProjectConfigurationPlatforms) = postSolution
		{13F45F94-D20C-4C06-81AF-7D208BEA1A2D}.Debug|Any CPU.ActiveCfg = Debug|Any CPU
		{13F45F94-D20C-4C06-81AF-7D208BEA1A2D}.Debug|Any CPU.Build.0 = Debug|Any CPU
		{13F45F94-D20C-4C06-81AF-7D208BEA1A2D}.Release|Any CPU.ActiveCfg = Release|Any CPU
		{13F45F94-D20C-4C06-81AF-7D208BEA1A2D}.Release|Any CPU.Build.0 = Release|Any CPU
	EndGlobalSection
	GlobalSection(SolutionProperties) = preSolution
		HideSolutionNode = FALSE
	EndGlobalSection
	GlobalSection(ExtensibilityGlobals) = postSolution
		SolutionGuid = {02962FE3-293A-4506-87BE-B263BB5784C3}
	EndGlobalSection
EndGlobal
