
Microsoft Visual Studio Solution File, Format Version 12.00
# Visual Studio Version 16
VisualStudioVersion = 16.0.30413.136
MinimumVisualStudioVersion = 10.0.40219.1
Project("{FAE04EC0-301F-11D3-BF4B-00C04F79EFBC}") = "48_Exercicio_Proposto", "48_Exercicio_Proposto\48_Exercicio_Proposto.csproj", "{71EBD07B-06F0-4191-B87E-255DE1D07BED}"
EndProject
Global
	GlobalSection(SolutionConfigurationPlatforms) = preSolution
		Debug|Any CPU = Debug|Any CPU
		Release|Any CPU = Release|Any CPU
	EndGlobalSection
	GlobalSection(ProjectConfigurationPlatforms) = postSolution
		{71EBD07B-06F0-4191-B87E-255DE1D07BED}.Debug|Any CPU.ActiveCfg = Debug|Any CPU
		{71EBD07B-06F0-4191-B87E-255DE1D07BED}.Debug|Any CPU.Build.0 = Debug|Any CPU
		{71EBD07B-06F0-4191-B87E-255DE1D07BED}.Release|Any CPU.ActiveCfg = Release|Any CPU
		{71EBD07B-06F0-4191-B87E-255DE1D07BED}.Release|Any CPU.Build.0 = Release|Any CPU
	EndGlobalSection
	GlobalSection(SolutionProperties) = preSolution
		HideSolutionNode = FALSE
	EndGlobalSection
	GlobalSection(ExtensibilityGlobals) = postSolution
		SolutionGuid = {1595C0B9-8C79-40C7-8C93-84E105BB780B}
	EndGlobalSection
EndGlobal
