
Microsoft Visual Studio Solution File, Format Version 12.00
# Visual Studio Version 16
VisualStudioVersion = 16.0.30413.136
MinimumVisualStudioVersion = 10.0.40219.1
Project("{FAE04EC0-301F-11D3-BF4B-00C04F79EFBC}") = "40_Exercicio_02", "40_Exercicio_02\40_Exercicio_02.csproj", "{95D51058-9982-499B-B956-53B29DCEA037}"
EndProject
Global
	GlobalSection(SolutionConfigurationPlatforms) = preSolution
		Debug|Any CPU = Debug|Any CPU
		Release|Any CPU = Release|Any CPU
	EndGlobalSection
	GlobalSection(ProjectConfigurationPlatforms) = postSolution
		{95D51058-9982-499B-B956-53B29DCEA037}.Debug|Any CPU.ActiveCfg = Debug|Any CPU
		{95D51058-9982-499B-B956-53B29DCEA037}.Debug|Any CPU.Build.0 = Debug|Any CPU
		{95D51058-9982-499B-B956-53B29DCEA037}.Release|Any CPU.ActiveCfg = Release|Any CPU
		{95D51058-9982-499B-B956-53B29DCEA037}.Release|Any CPU.Build.0 = Release|Any CPU
	EndGlobalSection
	GlobalSection(SolutionProperties) = preSolution
		HideSolutionNode = FALSE
	EndGlobalSection
	GlobalSection(ExtensibilityGlobals) = postSolution
		SolutionGuid = {762DF68E-BA00-493A-85FB-5DF8E0C515DD}
	EndGlobalSection
EndGlobal
