
Microsoft Visual Studio Solution File, Format Version 12.00
# Visual Studio Version 16
VisualStudioVersion = 16.0.30413.136
MinimumVisualStudioVersion = 10.0.40219.1
Project("{FAE04EC0-301F-11D3-BF4B-00C04F79EFBC}") = "Prova1.1", "Prova1.1\Prova1.1.csproj", "{72D0AB5F-31FF-4806-869C-86BC0076EC5E}"
EndProject
Global
	GlobalSection(SolutionConfigurationPlatforms) = preSolution
		Debug|Any CPU = Debug|Any CPU
		Release|Any CPU = Release|Any CPU
	EndGlobalSection
	GlobalSection(ProjectConfigurationPlatforms) = postSolution
		{72D0AB5F-31FF-4806-869C-86BC0076EC5E}.Debug|Any CPU.ActiveCfg = Debug|Any CPU
		{72D0AB5F-31FF-4806-869C-86BC0076EC5E}.Debug|Any CPU.Build.0 = Debug|Any CPU
		{72D0AB5F-31FF-4806-869C-86BC0076EC5E}.Release|Any CPU.ActiveCfg = Release|Any CPU
		{72D0AB5F-31FF-4806-869C-86BC0076EC5E}.Release|Any CPU.Build.0 = Release|Any CPU
	EndGlobalSection
	GlobalSection(SolutionProperties) = preSolution
		HideSolutionNode = FALSE
	EndGlobalSection
	GlobalSection(ExtensibilityGlobals) = postSolution
		SolutionGuid = {F2D74FE4-69E2-4720-ABBA-984AEBBED66B}
	EndGlobalSection
EndGlobal
