
Microsoft Visual Studio Solution File, Format Version 12.00
# Visual Studio Version 16
VisualStudioVersion = 16.0.30413.136
MinimumVisualStudioVersion = 10.0.40219.1
Project("{FAE04EC0-301F-11D3-BF4B-00C04F79EFBC}") = "29_Exercicio_03", "29_Exercicio_03\29_Exercicio_03.csproj", "{8CA8A9E0-56E2-4D7E-9800-DD9B8A6B7EAC}"
EndProject
Global
	GlobalSection(SolutionConfigurationPlatforms) = preSolution
		Debug|Any CPU = Debug|Any CPU
		Release|Any CPU = Release|Any CPU
	EndGlobalSection
	GlobalSection(ProjectConfigurationPlatforms) = postSolution
		{8CA8A9E0-56E2-4D7E-9800-DD9B8A6B7EAC}.Debug|Any CPU.ActiveCfg = Debug|Any CPU
		{8CA8A9E0-56E2-4D7E-9800-DD9B8A6B7EAC}.Debug|Any CPU.Build.0 = Debug|Any CPU
		{8CA8A9E0-56E2-4D7E-9800-DD9B8A6B7EAC}.Release|Any CPU.ActiveCfg = Release|Any CPU
		{8CA8A9E0-56E2-4D7E-9800-DD9B8A6B7EAC}.Release|Any CPU.Build.0 = Release|Any CPU
	EndGlobalSection
	GlobalSection(SolutionProperties) = preSolution
		HideSolutionNode = FALSE
	EndGlobalSection
	GlobalSection(ExtensibilityGlobals) = postSolution
		SolutionGuid = {5A53A582-2910-4892-B248-5891571F682E}
	EndGlobalSection
EndGlobal
