
Microsoft Visual Studio Solution File, Format Version 12.00
# Visual Studio Version 16
VisualStudioVersion = 16.0.30413.136
MinimumVisualStudioVersion = 10.0.40219.1
Project("{FAE04EC0-301F-11D3-BF4B-00C04F79EFBC}") = "Prova3.1", "Prova3.1\Prova3.1.csproj", "{D653A421-E840-428B-91E1-DD083EDFFDCE}"
EndProject
Global
	GlobalSection(SolutionConfigurationPlatforms) = preSolution
		Debug|Any CPU = Debug|Any CPU
		Release|Any CPU = Release|Any CPU
	EndGlobalSection
	GlobalSection(ProjectConfigurationPlatforms) = postSolution
		{D653A421-E840-428B-91E1-DD083EDFFDCE}.Debug|Any CPU.ActiveCfg = Debug|Any CPU
		{D653A421-E840-428B-91E1-DD083EDFFDCE}.Debug|Any CPU.Build.0 = Debug|Any CPU
		{D653A421-E840-428B-91E1-DD083EDFFDCE}.Release|Any CPU.ActiveCfg = Release|Any CPU
		{D653A421-E840-428B-91E1-DD083EDFFDCE}.Release|Any CPU.Build.0 = Release|Any CPU
	EndGlobalSection
	GlobalSection(SolutionProperties) = preSolution
		HideSolutionNode = FALSE
	EndGlobalSection
	GlobalSection(ExtensibilityGlobals) = postSolution
		SolutionGuid = {4589810C-E662-422B-9E7C-8BF2E43EB308}
	EndGlobalSection
EndGlobal
