
Microsoft Visual Studio Solution File, Format Version 12.00
# Visual Studio Version 16
VisualStudioVersion = 16.0.30413.136
MinimumVisualStudioVersion = 10.0.40219.1
Project("{FAE04EC0-301F-11D3-BF4B-00C04F79EFBC}") = "SaidaDeDados_18", "SaidaDeDados_18\SaidaDeDados_18.csproj", "{68FAE7AF-6570-4455-8A75-FE372406D95D}"
EndProject
Global
	GlobalSection(SolutionConfigurationPlatforms) = preSolution
		Debug|Any CPU = Debug|Any CPU
		Release|Any CPU = Release|Any CPU
	EndGlobalSection
	GlobalSection(ProjectConfigurationPlatforms) = postSolution
		{68FAE7AF-6570-4455-8A75-FE372406D95D}.Debug|Any CPU.ActiveCfg = Debug|Any CPU
		{68FAE7AF-6570-4455-8A75-FE372406D95D}.Debug|Any CPU.Build.0 = Debug|Any CPU
		{68FAE7AF-6570-4455-8A75-FE372406D95D}.Release|Any CPU.ActiveCfg = Release|Any CPU
		{68FAE7AF-6570-4455-8A75-FE372406D95D}.Release|Any CPU.Build.0 = Release|Any CPU
	EndGlobalSection
	GlobalSection(SolutionProperties) = preSolution
		HideSolutionNode = FALSE
	EndGlobalSection
	GlobalSection(ExtensibilityGlobals) = postSolution
		SolutionGuid = {36A6216C-2D59-4027-BE93-7D1921814B71}
	EndGlobalSection
EndGlobal
